schema: '2.0'
stages:
  resize:
    cmd: python src/resize.py params.yaml
    deps:
    - path: data/scratch_cv
      hash: md5
      md5: 7e08e5415ac4c34ba5c413db27ad6735.dir
      size: 26686418
      nfiles: 23
    - path: src/resize.py
      hash: md5
      md5: 7264b751433ef3bcd05a52f59e9504be
      size: 500
    params:
      params.yaml:
        resize.img_type: png
        resize.input_dir: data/scratch_cv
        resize.output_dir: data/resized
        resize.size: 128
    outs:
    - path: data/resized
      hash: md5
      md5: f38d5b2740afdc4f2bff9bffe0ae7e22.dir
      size: 605914
      nfiles: 23
  train:
    cmd: python src/train.py params.yaml
    deps:
    - path: data/resized
      hash: md5
      md5: f38d5b2740afdc4f2bff9bffe0ae7e22.dir
      size: 605914
      nfiles: 23
    - path: src/train.py
      hash: md5
      md5: 374e2833de807b002132be6c54ba37e8
      size: 6933
    params:
      params.yaml:
        train.checkpointing_steps: 1000
        train.dataset_name: scratch
        train.instance_data_dir: data/resized
        train.instance_prompt: 'a photo of a #org@scratch@defect#'
        train.max_train_steps: 1000
        train.num_train_epochs: 1
        train.pretrained_model_name_or_path: runwayml/stable-diffusion-v1-5
        train.resolution: 128
        train.sample_batch_size: 2
        train.train_batch_size: 1
        train.trained_model_path: results
    outs:
    - path: results/scratch/scratch.ckpt
      hash: md5
      md5: 136f1ab184c0c6dd40e15c980516d29d
      size: 4265327662
